// !$*UTF8*$!
{
	archiveVersion = 1;
	classes = {
	};
	objectVersion = 56;
	objects = {

/* Begin PBXBuildFile section */
		044EDA132C176CF100D84E43 /* AppDelegate.swift in Sources */ = {isa = PBXBuildFile; fileRef = 044EDA122C176CF100D84E43 /* AppDelegate.swift */; };
		044EDA152C176CF100D84E43 /* SceneDelegate.swift in Sources */ = {isa = PBXBuildFile; fileRef = 044EDA142C176CF100D84E43 /* SceneDelegate.swift */; };
		044EDA172C176CF100D84E43 /* ViewController.swift in Sources */ = {isa = PBXBuildFile; fileRef = 044EDA162C176CF100D84E43 /* ViewController.swift */; };
		044EDA1C2C176CF300D84E43 /* Assets.xcassets in Resources */ = {isa = PBXBuildFile; fileRef = 044EDA1B2C176CF300D84E43 /* Assets.xcassets */; };
		044EDA1F2C176CF300D84E43 /* Base in Resources */ = {isa = PBXBuildFile; fileRef = 044EDA1E2C176CF300D84E43 /* Base */; };
		045DA5742C1781EA003184E2 /* LICENSE.txt in Resources */ = {isa = PBXBuildFile; fileRef = 045DA5662C1781EA003184E2 /* LICENSE.txt */; };
		045DA5752C1781EA003184E2 /* Roboto-Black.ttf in Resources */ = {isa = PBXBuildFile; fileRef = 045DA5672C1781EA003184E2 /* Roboto-Black.ttf */; };
		045DA5762C1781EA003184E2 /* Roboto-BlackItalic.ttf in Resources */ = {isa = PBXBuildFile; fileRef = 045DA5682C1781EA003184E2 /* Roboto-BlackItalic.ttf */; };
		045DA5772C1781EA003184E2 /* Roboto-Bold.ttf in Resources */ = {isa = PBXBuildFile; fileRef = 045DA5692C1781EA003184E2 /* Roboto-Bold.ttf */; };
		045DA5782C1781EA003184E2 /* Roboto-BoldItalic.ttf in Resources */ = {isa = PBXBuildFile; fileRef = 045DA56A2C1781EA003184E2 /* Roboto-BoldItalic.ttf */; };
		045DA5792C1781EA003184E2 /* Roboto-Italic.ttf in Resources */ = {isa = PBXBuildFile; fileRef = 045DA56B2C1781EA003184E2 /* Roboto-Italic.ttf */; };
		045DA57A2C1781EA003184E2 /* Roboto-Light.ttf in Resources */ = {isa = PBXBuildFile; fileRef = 045DA56C2C1781EA003184E2 /* Roboto-Light.ttf */; };
		045DA57B2C1781EA003184E2 /* Roboto-LightItalic.ttf in Resources */ = {isa = PBXBuildFile; fileRef = 045DA56D2C1781EA003184E2 /* Roboto-LightItalic.ttf */; };
		045DA57C2C1781EA003184E2 /* Roboto-Medium.ttf in Resources */ = {isa = PBXBuildFile; fileRef = 045DA56E2C1781EA003184E2 /* Roboto-Medium.ttf */; };
		045DA57D2C1781EA003184E2 /* Roboto-MediumItalic.ttf in Resources */ = {isa = PBXBuildFile; fileRef = 045DA56F2C1781EA003184E2 /* Roboto-MediumItalic.ttf */; };
		045DA57E2C1781EA003184E2 /* Roboto-Regular.ttf in Resources */ = {isa = PBXBuildFile; fileRef = 045DA5702C1781EA003184E2 /* Roboto-Regular.ttf */; };
		045DA57F2C1781EA003184E2 /* Roboto-Thin.ttf in Resources */ = {isa = PBXBuildFile; fileRef = 045DA5712C1781EA003184E2 /* Roboto-Thin.ttf */; };
		045DA5802C1781EA003184E2 /* Roboto-ThinItalic.ttf in Resources */ = {isa = PBXBuildFile; fileRef = 045DA5722C1781EA003184E2 /* Roboto-ThinItalic.ttf */; };
		045DA5832C178641003184E2 /* UIFont+Ext.swift in Sources */ = {isa = PBXBuildFile; fileRef = 045DA5822C178641003184E2 /* UIFont+Ext.swift */; };
		045DA5862C19C21A003184E2 /* UIColor+Ext.swift in Sources */ = {isa = PBXBuildFile; fileRef = 045DA5852C19C21A003184E2 /* UIColor+Ext.swift */; };
		045DA5882C19C49B003184E2 /* AppColors.swift in Sources */ = {isa = PBXBuildFile; fileRef = 045DA5872C19C49B003184E2 /* AppColors.swift */; };
/* End PBXBuildFile section */

/* Begin PBXFileReference section */
		044EDA0F2C176CF100D84E43 /* FoodDelivery.app */ = {isa = PBXFileReference; explicitFileType = wrapper.application; includeInIndex = 0; path = FoodDelivery.app; sourceTree = BUILT_PRODUCTS_DIR; };
		044EDA122C176CF100D84E43 /* AppDelegate.swift */ = {isa = PBXFileReference; lastKnownFileType = sourcecode.swift; path = AppDelegate.swift; sourceTree = "<group>"; };
		044EDA142C176CF100D84E43 /* SceneDelegate.swift */ = {isa = PBXFileReference; lastKnownFileType = sourcecode.swift; path = SceneDelegate.swift; sourceTree = "<group>"; };
		044EDA162C176CF100D84E43 /* ViewController.swift */ = {isa = PBXFileReference; lastKnownFileType = sourcecode.swift; path = ViewController.swift; sourceTree = "<group>"; };
		044EDA1B2C176CF300D84E43 /* Assets.xcassets */ = {isa = PBXFileReference; lastKnownFileType = folder.assetcatalog; path = Assets.xcassets; sourceTree = "<group>"; };
		044EDA1E2C176CF300D84E43 /* Base */ = {isa = PBXFileReference; lastKnownFileType = file.storyboard; name = Base; path = Base.lproj/LaunchScreen.storyboard; sourceTree = "<group>"; };
		044EDA202C176CF300D84E43 /* Info.plist */ = {isa = PBXFileReference; lastKnownFileType = text.plist.xml; path = Info.plist; sourceTree = "<group>"; };
		045DA5662C1781EA003184E2 /* LICENSE.txt */ = {isa = PBXFileReference; fileEncoding = 4; lastKnownFileType = text; path = LICENSE.txt; sourceTree = "<group>"; };
		045DA5672C1781EA003184E2 /* Roboto-Black.ttf */ = {isa = PBXFileReference; lastKnownFileType = file; path = "Roboto-Black.ttf"; sourceTree = "<group>"; };
		045DA5682C1781EA003184E2 /* Roboto-BlackItalic.ttf */ = {isa = PBXFileReference; lastKnownFileType = file; path = "Roboto-BlackItalic.ttf"; sourceTree = "<group>"; };
		045DA5692C1781EA003184E2 /* Roboto-Bold.ttf */ = {isa = PBXFileReference; lastKnownFileType = file; path = "Roboto-Bold.ttf"; sourceTree = "<group>"; };
		045DA56A2C1781EA003184E2 /* Roboto-BoldItalic.ttf */ = {isa = PBXFileReference; lastKnownFileType = file; path = "Roboto-BoldItalic.ttf"; sourceTree = "<group>"; };
		045DA56B2C1781EA003184E2 /* Roboto-Italic.ttf */ = {isa = PBXFileReference; lastKnownFileType = file; path = "Roboto-Italic.ttf"; sourceTree = "<group>"; };
		045DA56C2C1781EA003184E2 /* Roboto-Light.ttf */ = {isa = PBXFileReference; lastKnownFileType = file; path = "Roboto-Light.ttf"; sourceTree = "<group>"; };
		045DA56D2C1781EA003184E2 /* Roboto-LightItalic.ttf */ = {isa = PBXFileReference; lastKnownFileType = file; path = "Roboto-LightItalic.ttf"; sourceTree = "<group>"; };
		045DA56E2C1781EA003184E2 /* Roboto-Medium.ttf */ = {isa = PBXFileReference; lastKnownFileType = file; path = "Roboto-Medium.ttf"; sourceTree = "<group>"; };
		045DA56F2C1781EA003184E2 /* Roboto-MediumItalic.ttf */ = {isa = PBXFileReference; lastKnownFileType = file; path = "Roboto-MediumItalic.ttf"; sourceTree = "<group>"; };
		045DA5702C1781EA003184E2 /* Roboto-Regular.ttf */ = {isa = PBXFileReference; lastKnownFileType = file; path = "Roboto-Regular.ttf"; sourceTree = "<group>"; };
		045DA5712C1781EA003184E2 /* Roboto-Thin.ttf */ = {isa = PBXFileReference; lastKnownFileType = file; path = "Roboto-Thin.ttf"; sourceTree = "<group>"; };
		045DA5722C1781EA003184E2 /* Roboto-ThinItalic.ttf */ = {isa = PBXFileReference; lastKnownFileType = file; path = "Roboto-ThinItalic.ttf"; sourceTree = "<group>"; };
		045DA5822C178641003184E2 /* UIFont+Ext.swift */ = {isa = PBXFileReference; lastKnownFileType = sourcecode.swift; path = "UIFont+Ext.swift"; sourceTree = "<group>"; };
		045DA5852C19C21A003184E2 /* UIColor+Ext.swift */ = {isa = PBXFileReference; lastKnownFileType = sourcecode.swift; path = "UIColor+Ext.swift"; sourceTree = "<group>"; };
		045DA5872C19C49B003184E2 /* AppColors.swift */ = {isa = PBXFileReference; lastKnownFileType = sourcecode.swift; path = AppColors.swift; sourceTree = "<group>"; };
/* End PBXFileReference section */

/* Begin PBXFrameworksBuildPhase section */
		044EDA0C2C176CF100D84E43 /* Frameworks */ = {
			isa = PBXFrameworksBuildPhase;
			buildActionMask = 2147483647;
			files = (
			);
			runOnlyForDeploymentPostprocessing = 0;
		};
/* End PBXFrameworksBuildPhase section */

/* Begin PBXGroup section */
		044EDA062C176CF100D84E43 = {
			isa = PBXGroup;
			children = (
				044EDA112C176CF100D84E43 /* FoodDelivery */,
				044EDA102C176CF100D84E43 /* Products */,
			);
			sourceTree = "<group>";
		};
		044EDA102C176CF100D84E43 /* Products */ = {
			isa = PBXGroup;
			children = (
				044EDA0F2C176CF100D84E43 /* FoodDelivery.app */,
			);
			name = Products;
			sourceTree = "<group>";
		};
		044EDA112C176CF100D84E43 /* FoodDelivery */ = {
			isa = PBXGroup;
			children = (
				044EDA122C176CF100D84E43 /* AppDelegate.swift */,
				044EDA142C176CF100D84E43 /* SceneDelegate.swift */,
				044EDA162C176CF100D84E43 /* ViewController.swift */,
				045DA5642C1781B5003184E2 /* Resources */,
				044EDA1B2C176CF300D84E43 /* Assets.xcassets */,
				044EDA1D2C176CF300D84E43 /* LaunchScreen.storyboard */,
				044EDA202C176CF300D84E43 /* Info.plist */,
			);
			path = FoodDelivery;
			sourceTree = "<group>";
		};
		045DA5642C1781B5003184E2 /* Resources */ = {
			isa = PBXGroup;
			children = (
				045DA5812C1785DF003184E2 /* Extensions */,
				045DA5652C1781D1003184E2 /* Fonts */,
				045DA5872C19C49B003184E2 /* AppColors.swift */,
			);
			path = Resources;
			sourceTree = "<group>";
		};
		045DA5652C1781D1003184E2 /* Fonts */ = {
			isa = PBXGroup;
			children = (
				045DA5732C1781EA003184E2 /* Roboto */,
			);
			path = Fonts;
			sourceTree = "<group>";
		};
		045DA5732C1781EA003184E2 /* Roboto */ = {
			isa = PBXGroup;
			children = (
				045DA5662C1781EA003184E2 /* LICENSE.txt */,
				045DA5672C1781EA003184E2 /* Roboto-Black.ttf */,
				045DA5682C1781EA003184E2 /* Roboto-BlackItalic.ttf */,
				045DA5692C1781EA003184E2 /* Roboto-Bold.ttf */,
				045DA56A2C1781EA003184E2 /* Roboto-BoldItalic.ttf */,
				045DA56B2C1781EA003184E2 /* Roboto-Italic.ttf */,
				045DA56C2C1781EA003184E2 /* Roboto-Light.ttf */,
				045DA56D2C1781EA003184E2 /* Roboto-LightItalic.ttf */,
				045DA56E2C1781EA003184E2 /* Roboto-Medium.ttf */,
				045DA56F2C1781EA003184E2 /* Roboto-MediumItalic.ttf */,
				045DA5702C1781EA003184E2 /* Roboto-Regular.ttf */,
				045DA5712C1781EA003184E2 /* Roboto-Thin.ttf */,
				045DA5722C1781EA003184E2 /* Roboto-ThinItalic.ttf */,
			);
			path = Roboto;
			sourceTree = "<group>";
		};
		045DA5812C1785DF003184E2 /* Extensions */ = {
			isa = PBXGroup;
			children = (
				045DA5842C19C200003184E2 /* UIKit */,
			);
			path = Extensions;
			sourceTree = "<group>";
		};
		045DA5842C19C200003184E2 /* UIKit */ = {
			isa = PBXGroup;
			children = (
				045DA5822C178641003184E2 /* UIFont+Ext.swift */,
				045DA5852C19C21A003184E2 /* UIColor+Ext.swift */,
			);
			path = UIKit;
			sourceTree = "<group>";
		};
/* End PBXGroup section */

/* Begin PBXNativeTarget section */
		044EDA0E2C176CF100D84E43 /* FoodDelivery */ = {
			isa = PBXNativeTarget;
			buildConfigurationList = 044EDA232C176CF300D84E43 /* Build configuration list for PBXNativeTarget "FoodDelivery" */;
			buildPhases = (
				044EDA0B2C176CF100D84E43 /* Sources */,
				044EDA0C2C176CF100D84E43 /* Frameworks */,
				044EDA0D2C176CF100D84E43 /* Resources */,
			);
			buildRules = (
			);
			dependencies = (
			);
			name = FoodDelivery;
			productName = FoodDelivery;
			productReference = 044EDA0F2C176CF100D84E43 /* FoodDelivery.app */;
			productType = "com.apple.product-type.application";
		};
/* End PBXNativeTarget section */

/* Begin PBXProject section */
		044EDA072C176CF100D84E43 /* Project object */ = {
			isa = PBXProject;
			attributes = {
				BuildIndependentTargetsInParallel = 1;
				LastSwiftUpdateCheck = 1540;
				LastUpgradeCheck = 1540;
				TargetAttributes = {
					044EDA0E2C176CF100D84E43 = {
						CreatedOnToolsVersion = 15.4;
					};
				};
			};
			buildConfigurationList = 044EDA0A2C176CF100D84E43 /* Build configuration list for PBXProject "FoodDelivery" */;
			compatibilityVersion = "Xcode 14.0";
			developmentRegion = en;
			hasScannedForEncodings = 0;
			knownRegions = (
				en,
				Base,
			);
			mainGroup = 044EDA062C176CF100D84E43;
			productRefGroup = 044EDA102C176CF100D84E43 /* Products */;
			projectDirPath = "";
			projectRoot = "";
			targets = (
				044EDA0E2C176CF100D84E43 /* FoodDelivery */,
			);
		};
/* End PBXProject section */

/* Begin PBXResourcesBuildPhase section */
		044EDA0D2C176CF100D84E43 /* Resources */ = {
			isa = PBXResourcesBuildPhase;
			buildActionMask = 2147483647;
			files = (
				045DA5802C1781EA003184E2 /* Roboto-ThinItalic.ttf in Resources */,
				045DA57F2C1781EA003184E2 /* Roboto-Thin.ttf in Resources */,
				045DA5742C1781EA003184E2 /* LICENSE.txt in Resources */,
				044EDA1C2C176CF300D84E43 /* Assets.xcassets in Resources */,
				045DA57B2C1781EA003184E2 /* Roboto-LightItalic.ttf in Resources */,
				045DA5772C1781EA003184E2 /* Roboto-Bold.ttf in Resources */,
				045DA57D2C1781EA003184E2 /* Roboto-MediumItalic.ttf in Resources */,
				045DA5762C1781EA003184E2 /* Roboto-BlackItalic.ttf in Resources */,
				044EDA1F2C176CF300D84E43 /* Base in Resources */,
				045DA5792C1781EA003184E2 /* Roboto-Italic.ttf in Resources */,
				045DA5782C1781EA003184E2 /* Roboto-BoldItalic.ttf in Resources */,
				045DA57C2C1781EA003184E2 /* Roboto-Medium.ttf in Resources */,
				045DA57E2C1781EA003184E2 /* Roboto-Regular.ttf in Resources */,
				045DA5752C1781EA003184E2 /* Roboto-Black.ttf in Resources */,
				045DA57A2C1781EA003184E2 /* Roboto-Light.ttf in Resources */,
			);
			runOnlyForDeploymentPostprocessing = 0;
		};
/* End PBXResourcesBuildPhase section */

/* Begin PBXSourcesBuildPhase section */
		044EDA0B2C176CF100D84E43 /* Sources */ = {
			isa = PBXSourcesBuildPhase;
			buildActionMask = 2147483647;
			files = (
				045DA5832C178641003184E2 /* UIFont+Ext.swift in Sources */,
				044EDA172C176CF100D84E43 /* ViewController.swift in Sources */,
				045DA5862C19C21A003184E2 /* UIColor+Ext.swift in Sources */,
				045DA5882C19C49B003184E2 /* AppColors.swift in Sources */,
				044EDA132C176CF100D84E43 /* AppDelegate.swift in Sources */,
				044EDA152C176CF100D84E43 /* SceneDelegate.swift in Sources */,
			);
			runOnlyForDeploymentPostprocessing = 0;
		};
/* End PBXSourcesBuildPhase section */

/* Begin PBXVariantGroup section */
		044EDA1D2C176CF300D84E43 /* LaunchScreen.storyboard */ = {
			isa = PBXVariantGroup;
			children = (
				044EDA1E2C176CF300D84E43 /* Base */,
			);
			name = LaunchScreen.storyboard;
			sourceTree = "<group>";
		};
/* End PBXVariantGroup section */

/* Begin XCBuildConfiguration section */
		044EDA212C176CF300D84E43 /* Debug */ = {
			isa = XCBuildConfiguration;
			buildSettings = {
				ALWAYS_SEARCH_USER_PATHS = NO;
				ASSETCATALOG_COMPILER_GENERATE_SWIFT_ASSET_SYMBOL_EXTENSIONS = YES;
				CLANG_ANALYZER_NONNULL = YES;
				CLANG_ANALYZER_NUMBER_OBJECT_CONVERSION = YES_AGGRESSIVE;
				CLANG_CXX_LANGUAGE_STANDARD = "gnu++20";
				CLANG_ENABLE_MODULES = YES;
				CLANG_ENABLE_OBJC_ARC = YES;
				CLANG_ENABLE_OBJC_WEAK = YES;
				CLANG_WARN_BLOCK_CAPTURE_AUTORELEASING = YES;
				CLANG_WARN_BOOL_CONVERSION = YES;
				CLANG_WARN_COMMA = YES;
				CLANG_WARN_CONSTANT_CONVERSION = YES;
				CLANG_WARN_DEPRECATED_OBJC_IMPLEMENTATIONS = YES;
				CLANG_WARN_DIRECT_OBJC_ISA_USAGE = YES_ERROR;
				CLANG_WARN_DOCUMENTATION_COMMENTS = YES;
				CLANG_WARN_EMPTY_BODY = YES;
				CLANG_WARN_ENUM_CONVERSION = YES;
				CLANG_WARN_INFINITE_RECURSION = YES;
				CLANG_WARN_INT_CONVERSION = YES;
				CLANG_WARN_NON_LITERAL_NULL_CONVERSION = YES;
				CLANG_WARN_OBJC_IMPLICIT_RETAIN_SELF = YES;
				CLANG_WARN_OBJC_LITERAL_CONVERSION = YES;
				CLANG_WARN_OBJC_ROOT_CLASS = YES_ERROR;
				CLANG_WARN_QUOTED_INCLUDE_IN_FRAMEWORK_HEADER = YES;
				CLANG_WARN_RANGE_LOOP_ANALYSIS = YES;
				CLANG_WARN_STRICT_PROTOTYPES = YES;
				CLANG_WARN_SUSPICIOUS_MOVE = YES;
				CLANG_WARN_UNGUARDED_AVAILABILITY = YES_AGGRESSIVE;
				CLANG_WARN_UNREACHABLE_CODE = YES;
				CLANG_WARN__DUPLICATE_METHOD_MATCH = YES;
				COPY_PHASE_STRIP = NO;
				DEBUG_INFORMATION_FORMAT = dwarf;
				ENABLE_STRICT_OBJC_MSGSEND = YES;
				ENABLE_TESTABILITY = YES;
				ENABLE_USER_SCRIPT_SANDBOXING = YES;
				GCC_C_LANGUAGE_STANDARD = gnu17;
				GCC_DYNAMIC_NO_PIC = NO;
				GCC_NO_COMMON_BLOCKS = YES;
				GCC_OPTIMIZATION_LEVEL = 0;
				GCC_PREPROCESSOR_DEFINITIONS = (
					"DEBUG=1",
					"$(inherited)",
				);
				GCC_WARN_64_TO_32_BIT_CONVERSION = YES;
				GCC_WARN_ABOUT_RETURN_TYPE = YES_ERROR;
				GCC_WARN_UNDECLARED_SELECTOR = YES;
				GCC_WARN_UNINITIALIZED_AUTOS = YES_AGGRESSIVE;
				GCC_WARN_UNUSED_FUNCTION = YES;
				GCC_WARN_UNUSED_VARIABLE = YES;
				IPHONEOS_DEPLOYMENT_TARGET = 17.5;
				LOCALIZATION_PREFERS_STRING_CATALOGS = YES;
				MTL_ENABLE_DEBUG_INFO = INCLUDE_SOURCE;
				MTL_FAST_MATH = YES;
				ONLY_ACTIVE_ARCH = YES;
				SDKROOT = iphoneos;
				SWIFT_ACTIVE_COMPILATION_CONDITIONS = "DEBUG $(inherited)";
				SWIFT_OPTIMIZATION_LEVEL = "-Onone";
			};
			name = Debug;
		};
		044EDA222C176CF300D84E43 /* Release */ = {
			isa = XCBuildConfiguration;
			buildSettings = {
				ALWAYS_SEARCH_USER_PATHS = NO;
				ASSETCATALOG_COMPILER_GENERATE_SWIFT_ASSET_SYMBOL_EXTENSIONS = YES;
				CLANG_ANALYZER_NONNULL = YES;
				CLANG_ANALYZER_NUMBER_OBJECT_CONVERSION = YES_AGGRESSIVE;
				CLANG_CXX_LANGUAGE_STANDARD = "gnu++20";
				CLANG_ENABLE_MODULES = YES;
				CLANG_ENABLE_OBJC_ARC = YES;
				CLANG_ENABLE_OBJC_WEAK = YES;
				CLANG_WARN_BLOCK_CAPTURE_AUTORELEASING = YES;
				CLANG_WARN_BOOL_CONVERSION = YES;
				CLANG_WARN_COMMA = YES;
				CLANG_WARN_CONSTANT_CONVERSION = YES;
				CLANG_WARN_DEPRECATED_OBJC_IMPLEMENTATIONS = YES;
				CLANG_WARN_DIRECT_OBJC_ISA_USAGE = YES_ERROR;
				CLANG_WARN_DOCUMENTATION_COMMENTS = YES;
				CLANG_WARN_EMPTY_BODY = YES;
				CLANG_WARN_ENUM_CONVERSION = YES;
				CLANG_WARN_INFINITE_RECURSION = YES;
				CLANG_WARN_INT_CONVERSION = YES;
				CLANG_WARN_NON_LITERAL_NULL_CONVERSION = YES;
				CLANG_WARN_OBJC_IMPLICIT_RETAIN_SELF = YES;
				CLANG_WARN_OBJC_LITERAL_CONVERSION = YES;
				CLANG_WARN_OBJC_ROOT_CLASS = YES_ERROR;
				CLANG_WARN_QUOTED_INCLUDE_IN_FRAMEWORK_HEADER = YES;
				CLANG_WARN_RANGE_LOOP_ANALYSIS = YES;
				CLANG_WARN_STRICT_PROTOTYPES = YES;
				CLANG_WARN_SUSPICIOUS_MOVE = YES;
				CLANG_WARN_UNGUARDED_AVAILABILITY = YES_AGGRESSIVE;
				CLANG_WARN_UNREACHABLE_CODE = YES;
				CLANG_WARN__DUPLICATE_METHOD_MATCH = YES;
				COPY_PHASE_STRIP = NO;
				DEBUG_INFORMATION_FORMAT = "dwarf-with-dsym";
				ENABLE_NS_ASSERTIONS = NO;
				ENABLE_STRICT_OBJC_MSGSEND = YES;
				ENABLE_USER_SCRIPT_SANDBOXING = YES;
				GCC_C_LANGUAGE_STANDARD = gnu17;
				GCC_NO_COMMON_BLOCKS = YES;
				GCC_WARN_64_TO_32_BIT_CONVERSION = YES;
				GCC_WARN_ABOUT_RETURN_TYPE = YES_ERROR;
				GCC_WARN_UNDECLARED_SELECTOR = YES;
				GCC_WARN_UNINITIALIZED_AUTOS = YES_AGGRESSIVE;
				GCC_WARN_UNUSED_FUNCTION = YES;
				GCC_WARN_UNUSED_VARIABLE = YES;
				IPHONEOS_DEPLOYMENT_TARGET = 17.5;
				LOCALIZATION_PREFERS_STRING_CATALOGS = YES;
				MTL_ENABLE_DEBUG_INFO = NO;
				MTL_FAST_MATH = YES;
				SDKROOT = iphoneos;
				SWIFT_COMPILATION_MODE = wholemodule;
				VALIDATE_PRODUCT = YES;
			};
			name = Release;
		};
		044EDA242C176CF300D84E43 /* Debug */ = {
			isa = XCBuildConfiguration;
			buildSettings = {
				ASSETCATALOG_COMPILER_APPICON_NAME = AppIcon;
				ASSETCATALOG_COMPILER_GLOBAL_ACCENT_COLOR_NAME = AccentColor;
				CODE_SIGN_STYLE = Automatic;
				CURRENT_PROJECT_VERSION = 1;
				GENERATE_INFOPLIST_FILE = YES;
				INFOPLIST_FILE = FoodDelivery/Info.plist;
				INFOPLIST_KEY_UIApplicationSupportsIndirectInputEvents = YES;
				INFOPLIST_KEY_UILaunchStoryboardName = LaunchScreen;
				INFOPLIST_KEY_UISupportedInterfaceOrientations = UIInterfaceOrientationPortrait;
				INFOPLIST_KEY_UISupportedInterfaceOrientations_iPad = "UIInterfaceOrientationLandscapeLeft UIInterfaceOrientationLandscapeRight UIInterfaceOrientationPortrait UIInterfaceOrientationPortraitUpsideDown";
				LD_RUNPATH_SEARCH_PATHS = (
					"$(inherited)",
					"@executable_path/Frameworks",
				);
				MARKETING_VERSION = 1.0;
				PRODUCT_BUNDLE_IDENTIFIER = com.trofimovavg.FoodDelivery;
				PRODUCT_NAME = "$(TARGET_NAME)";
				SUPPORTED_PLATFORMS = "iphoneos iphonesimulator";
				SUPPORTS_MACCATALYST = NO;
				SUPPORTS_MAC_DESIGNED_FOR_IPHONE_IPAD = NO;
				SUPPORTS_XR_DESIGNED_FOR_IPHONE_IPAD = NO;
				SWIFT_EMIT_LOC_STRINGS = YES;
				SWIFT_VERSION = 5.0;
				TARGETED_DEVICE_FAMILY = 1;
			};
			name = Debug;
		};
		044EDA252C176CF300D84E43 /* Release */ = {
			isa = XCBuildConfiguration;
			buildSettings = {
				ASSETCATALOG_COMPILER_APPICON_NAME = AppIcon;
				ASSETCATALOG_COMPILER_GLOBAL_ACCENT_COLOR_NAME = AccentColor;
				CODE_SIGN_STYLE = Automatic;
				CURRENT_PROJECT_VERSION = 1;
				GENERATE_INFOPLIST_FILE = YES;
				INFOPLIST_FILE = FoodDelivery/Info.plist;
				INFOPLIST_KEY_UIApplicationSupportsIndirectInputEvents = YES;
				INFOPLIST_KEY_UILaunchStoryboardName = LaunchScreen;
				INFOPLIST_KEY_UISupportedInterfaceOrientations = UIInterfaceOrientationPortrait;
				INFOPLIST_KEY_UISupportedInterfaceOrientations_iPad = "UIInterfaceOrientationLandscapeLeft UIInterfaceOrientationLandscapeRight UIInterfaceOrientationPortrait UIInterfaceOrientationPortraitUpsideDown";
				LD_RUNPATH_SEARCH_PATHS = (
					"$(inherited)",
					"@executable_path/Frameworks",
				);
				MARKETING_VERSION = 1.0;
				PRODUCT_BUNDLE_IDENTIFIER = com.trofimovavg.FoodDelivery;
				PRODUCT_NAME = "$(TARGET_NAME)";
				SUPPORTED_PLATFORMS = "iphoneos iphonesimulator";
				SUPPORTS_MACCATALYST = NO;
				SUPPORTS_MAC_DESIGNED_FOR_IPHONE_IPAD = NO;
				SUPPORTS_XR_DESIGNED_FOR_IPHONE_IPAD = NO;
				SWIFT_EMIT_LOC_STRINGS = YES;
				SWIFT_VERSION = 5.0;
				TARGETED_DEVICE_FAMILY = 1;
			};
			name = Release;
		};
/* End XCBuildConfiguration section */

/* Begin XCConfigurationList section */
		044EDA0A2C176CF100D84E43 /* Build configuration list for PBXProject "FoodDelivery" */ = {
			isa = XCConfigurationList;
			buildConfigurations = (
				044EDA212C176CF300D84E43 /* Debug */,
				044EDA222C176CF300D84E43 /* Release */,
			);
			defaultConfigurationIsVisible = 0;
			defaultConfigurationName = Release;
		};
		044EDA232C176CF300D84E43 /* Build configuration list for PBXNativeTarget "FoodDelivery" */ = {
			isa = XCConfigurationList;
			buildConfigurations = (
				044EDA242C176CF300D84E43 /* Debug */,
				044EDA252C176CF300D84E43 /* Release */,
			);
			defaultConfigurationIsVisible = 0;
			defaultConfigurationName = Release;
		};
/* End XCConfigurationList section */
	};
	rootObject = 044EDA072C176CF100D84E43 /* Project object */;
}
